// !$*UTF8*$!
{
	archiveVersion = 1;
	classes = {
	};
	objectVersion = 46;
	objects = {

/* Begin PBXBuildFile section */
		1E7B19123698C0BA6DB58A00 /* Pods_SwiftNoStoryboardsTests.framework in Frameworks */ = {isa = PBXBuildFile; fileRef = 358B932F01B617EC79CEE0C8 /* Pods_SwiftNoStoryboardsTests.framework */; };
		3C93115D9EA5192F3A085ECE /* Pods_SwiftNoStoryboardsUITests.framework in Frameworks */ = {isa = PBXBuildFile; fileRef = B25839D4A80FABED73858E46 /* Pods_SwiftNoStoryboardsUITests.framework */; };
		600522101FCEDBE200969B00 /* GridView.swift in Sources */ = {isa = PBXBuildFile; fileRef = 6005220F1FCEDBE200969B00 /* GridView.swift */; };
		600522121FCEDC8700969B00 /* Grid.swift in Sources */ = {isa = PBXBuildFile; fileRef = 600522111FCEDC8700969B00 /* Grid.swift */; };
		6011D9AD1F99044200931775 /* UpdatingParentViewController.swift in Sources */ = {isa = PBXBuildFile; fileRef = 6011D9AC1F99044200931775 /* UpdatingParentViewController.swift */; };
		6011D9AF1F99045F00931775 /* UpdatingFirstChildViewController.swift in Sources */ = {isa = PBXBuildFile; fileRef = 6011D9AE1F99045F00931775 /* UpdatingFirstChildViewController.swift */; };
		6011D9B11F99046400931775 /* UpdatingSecondChildViewController.swift in Sources */ = {isa = PBXBuildFile; fileRef = 6011D9B01F99046400931775 /* UpdatingSecondChildViewController.swift */; };
		602157D61CD63FD800D76E2C /* TableViewController.xib in Resources */ = {isa = PBXBuildFile; fileRef = 602157D51CD63FD800D76E2C /* TableViewController.xib */; };
		602157D81CD63FF300D76E2C /* TableViewController.swift in Sources */ = {isa = PBXBuildFile; fileRef = 602157D71CD63FF300D76E2C /* TableViewController.swift */; };
		602157DE1CD6873200D76E2C /* DetailViewController.swift in Sources */ = {isa = PBXBuildFile; fileRef = 602157DC1CD6873200D76E2C /* DetailViewController.swift */; };
		602157DF1CD6873200D76E2C /* DetailViewController.xib in Resources */ = {isa = PBXBuildFile; fileRef = 602157DD1CD6873200D76E2C /* DetailViewController.xib */; };
		6029EDCF1CD3D98500637B2C /* AppDelegate.swift in Sources */ = {isa = PBXBuildFile; fileRef = 6029EDCE1CD3D98500637B2C /* AppDelegate.swift */; };
		6029EDD11CD3D98500637B2C /* ViewController.swift in Sources */ = {isa = PBXBuildFile; fileRef = 6029EDD01CD3D98500637B2C /* ViewController.swift */; };
		6029EDD61CD3D98500637B2C /* Assets.xcassets in Resources */ = {isa = PBXBuildFile; fileRef = 6029EDD51CD3D98500637B2C /* Assets.xcassets */; };
		6029EDD91CD3D98500637B2C /* LaunchScreen.storyboard in Resources */ = {isa = PBXBuildFile; fileRef = 6029EDD71CD3D98500637B2C /* LaunchScreen.storyboard */; };
		6029EDE41CD3D98500637B2C /* SwiftNoStoryboardsTests.swift in Sources */ = {isa = PBXBuildFile; fileRef = 6029EDE31CD3D98500637B2C /* SwiftNoStoryboardsTests.swift */; };
		6029EDEF1CD3D98500637B2C /* SwiftNoStoryboardsUITests.swift in Sources */ = {isa = PBXBuildFile; fileRef = 6029EDEE1CD3D98500637B2C /* SwiftNoStoryboardsUITests.swift */; };
		6029EDFE1CD3DD5C00637B2C /* ViewController.xib in Resources */ = {isa = PBXBuildFile; fileRef = 6029EDFC1CD3DD5C00637B2C /* ViewController.xib */; };
		6045FD921F6D765500355D90 /* ParentViewController.swift in Sources */ = {isa = PBXBuildFile; fileRef = 6045FD911F6D765500355D90 /* ParentViewController.swift */; };
		6045FD941F6D766700355D90 /* ChildViewController.swift in Sources */ = {isa = PBXBuildFile; fileRef = 6045FD931F6D766700355D90 /* ChildViewController.swift */; };
		6084FBA11F877A6B00B32201 /* ResizableParentViewController.swift in Sources */ = {isa = PBXBuildFile; fileRef = 6084FBA01F877A6B00B32201 /* ResizableParentViewController.swift */; };
		6084FBA31F877A8B00B32201 /* ResizableChildViewController.swift in Sources */ = {isa = PBXBuildFile; fileRef = 6084FBA21F877A8B00B32201 /* ResizableChildViewController.swift */; };
		609CCEB51F99ECB500F6C9EE /* Logger.swift in Sources */ = {isa = PBXBuildFile; fileRef = 609CCEB41F99ECB500F6C9EE /* Logger.swift */; };
		609CCEB71F9A052200F6C9EE /* UpdatingCell.swift in Sources */ = {isa = PBXBuildFile; fileRef = 609CCEB61F9A052200F6C9EE /* UpdatingCell.swift */; };
		609CCEBA1F9A062900F6C9EE /* UIScreen+Percentage.swift in Sources */ = {isa = PBXBuildFile; fileRef = 609CCEB91F9A062900F6C9EE /* UIScreen+Percentage.swift */; };
		609CCEBE1F9E2B4A00F6C9EE /* UpdatingFirstChildViewModel.swift in Sources */ = {isa = PBXBuildFile; fileRef = 609CCEBD1F9E2B4900F6C9EE /* UpdatingFirstChildViewModel.swift */; };
		609CCEC01F9E2B5400F6C9EE /* UpdatingSecondChildViewModel.swift in Sources */ = {isa = PBXBuildFile; fileRef = 609CCEBF1F9E2B5400F6C9EE /* UpdatingSecondChildViewModel.swift */; };
		609CCEC21F9E2B6000F6C9EE /* UpdatingCellViewModel.swift in Sources */ = {isa = PBXBuildFile; fileRef = 609CCEC11F9E2B6000F6C9EE /* UpdatingCellViewModel.swift */; };
		609CCEC81F9E46DF00F6C9EE /* UpdatingParentCoordinator.swift in Sources */ = {isa = PBXBuildFile; fileRef = 609CCEC71F9E46DF00F6C9EE /* UpdatingParentCoordinator.swift */; };
		60A5D9EB1F828E72000D8AB9 /* AutoLayoutTestViewController.swift in Sources */ = {isa = PBXBuildFile; fileRef = 60A5D9E91F828E72000D8AB9 /* AutoLayoutTestViewController.swift */; };
		60A5D9EC1F828E72000D8AB9 /* AutoLayoutTestViewController.xib in Resources */ = {isa = PBXBuildFile; fileRef = 60A5D9EA1F828E72000D8AB9 /* AutoLayoutTestViewController.xib */; };
		60A5D9EF1F8290E7000D8AB9 /* AutoLayoutTestCollectionViewCell.swift in Sources */ = {isa = PBXBuildFile; fileRef = 60A5D9ED1F8290E7000D8AB9 /* AutoLayoutTestCollectionViewCell.swift */; };
		60A5D9F01F8290E7000D8AB9 /* AutoLayoutTestCollectionViewCell.xib in Resources */ = {isa = PBXBuildFile; fileRef = 60A5D9EE1F8290E7000D8AB9 /* AutoLayoutTestCollectionViewCell.xib */; };
		61C3E5FCE6734B465E694250 /* Pods_SwiftNoStoryboards.framework in Frameworks */ = {isa = PBXBuildFile; fileRef = B553A9ADE56BF856418187BA /* Pods_SwiftNoStoryboards.framework */; };
/* End PBXBuildFile section */

/* Begin PBXContainerItemProxy section */
		6029EDE01CD3D98500637B2C /* PBXContainerItemProxy */ = {
			isa = PBXContainerItemProxy;
			containerPortal = 6029EDC31CD3D98500637B2C /* Project object */;
			proxyType = 1;
			remoteGlobalIDString = 6029EDCA1CD3D98500637B2C;
			remoteInfo = SwiftNoStoryboards;
		};
		6029EDEB1CD3D98500637B2C /* PBXContainerItemProxy */ = {
			isa = PBXContainerItemProxy;
			containerPortal = 6029EDC31CD3D98500637B2C /* Project object */;
			proxyType = 1;
			remoteGlobalIDString = 6029EDCA1CD3D98500637B2C;
			remoteInfo = SwiftNoStoryboards;
		};
/* End PBXContainerItemProxy section */

/* Begin PBXFileReference section */
		358B932F01B617EC79CEE0C8 /* Pods_SwiftNoStoryboardsTests.framework */ = {isa = PBXFileReference; explicitFileType = wrapper.framework; includeInIndex = 0; path = Pods_SwiftNoStoryboardsTests.framework; sourceTree = BUILT_PRODUCTS_DIR; };
		39D430C193660E53F724625D /* Pods-SwiftNoStoryboardsUITests.debug.xcconfig */ = {isa = PBXFileReference; includeInIndex = 1; lastKnownFileType = text.xcconfig; name = "Pods-SwiftNoStoryboardsUITests.debug.xcconfig"; path = "Pods/Target Support Files/Pods-SwiftNoStoryboardsUITests/Pods-SwiftNoStoryboardsUITests.debug.xcconfig"; sourceTree = "<group>"; };
		6001C15798324868C6C45BF9 /* Pods-SwiftNoStoryboardsTests.release.xcconfig */ = {isa = PBXFileReference; includeInIndex = 1; lastKnownFileType = text.xcconfig; name = "Pods-SwiftNoStoryboardsTests.release.xcconfig"; path = "Pods/Target Support Files/Pods-SwiftNoStoryboardsTests/Pods-SwiftNoStoryboardsTests.release.xcconfig"; sourceTree = "<group>"; };
		6005220F1FCEDBE200969B00 /* GridView.swift */ = {isa = PBXFileReference; fileEncoding = 4; lastKnownFileType = sourcecode.swift; path = GridView.swift; sourceTree = "<group>"; };
		600522111FCEDC8700969B00 /* Grid.swift */ = {isa = PBXFileReference; fileEncoding = 4; lastKnownFileType = sourcecode.swift; path = Grid.swift; sourceTree = "<group>"; };
		6011D9AC1F99044200931775 /* UpdatingParentViewController.swift */ = {isa = PBXFileReference; fileEncoding = 4; lastKnownFileType = sourcecode.swift; path = UpdatingParentViewController.swift; sourceTree = "<group>"; };
		6011D9AE1F99045F00931775 /* UpdatingFirstChildViewController.swift */ = {isa = PBXFileReference; fileEncoding = 4; lastKnownFileType = sourcecode.swift; path = UpdatingFirstChildViewController.swift; sourceTree = "<group>"; };
		6011D9B01F99046400931775 /* UpdatingSecondChildViewController.swift */ = {isa = PBXFileReference; fileEncoding = 4; lastKnownFileType = sourcecode.swift; path = UpdatingSecondChildViewController.swift; sourceTree = "<group>"; };
		602157D51CD63FD800D76E2C /* TableViewController.xib */ = {isa = PBXFileReference; fileEncoding = 4; lastKnownFileType = file.xib; path = TableViewController.xib; sourceTree = "<group>"; };
		602157D71CD63FF300D76E2C /* TableViewController.swift */ = {isa = PBXFileReference; fileEncoding = 4; lastKnownFileType = sourcecode.swift; path = TableViewController.swift; sourceTree = "<group>"; };
		602157DC1CD6873200D76E2C /* DetailViewController.swift */ = {isa = PBXFileReference; fileEncoding = 4; lastKnownFileType = sourcecode.swift; path = DetailViewController.swift; sourceTree = "<group>"; };
		602157DD1CD6873200D76E2C /* DetailViewController.xib */ = {isa = PBXFileReference; fileEncoding = 4; lastKnownFileType = file.xib; path = DetailViewController.xib; sourceTree = "<group>"; };
		6029EDCB1CD3D98500637B2C /* SwiftNoStoryboards.app */ = {isa = PBXFileReference; explicitFileType = wrapper.application; includeInIndex = 0; path = SwiftNoStoryboards.app; sourceTree = BUILT_PRODUCTS_DIR; };
		6029EDCE1CD3D98500637B2C /* AppDelegate.swift */ = {isa = PBXFileReference; lastKnownFileType = sourcecode.swift; path = AppDelegate.swift; sourceTree = "<group>"; };
		6029EDD01CD3D98500637B2C /* ViewController.swift */ = {isa = PBXFileReference; lastKnownFileType = sourcecode.swift; path = ViewController.swift; sourceTree = "<group>"; };
		6029EDD51CD3D98500637B2C /* Assets.xcassets */ = {isa = PBXFileReference; lastKnownFileType = folder.assetcatalog; path = Assets.xcassets; sourceTree = "<group>"; };
		6029EDD81CD3D98500637B2C /* Base */ = {isa = PBXFileReference; lastKnownFileType = file.storyboard; name = Base; path = Base.lproj/LaunchScreen.storyboard; sourceTree = "<group>"; };
		6029EDDA1CD3D98500637B2C /* Info.plist */ = {isa = PBXFileReference; lastKnownFileType = text.plist.xml; path = Info.plist; sourceTree = "<group>"; };
		6029EDDF1CD3D98500637B2C /* SwiftNoStoryboardsTests.xctest */ = {isa = PBXFileReference; explicitFileType = wrapper.cfbundle; includeInIndex = 0; path = SwiftNoStoryboardsTests.xctest; sourceTree = BUILT_PRODUCTS_DIR; };
		6029EDE31CD3D98500637B2C /* SwiftNoStoryboardsTests.swift */ = {isa = PBXFileReference; lastKnownFileType = sourcecode.swift; path = SwiftNoStoryboardsTests.swift; sourceTree = "<group>"; };
		6029EDE51CD3D98500637B2C /* Info.plist */ = {isa = PBXFileReference; lastKnownFileType = text.plist.xml; path = Info.plist; sourceTree = "<group>"; };
		6029EDEA1CD3D98500637B2C /* SwiftNoStoryboardsUITests.xctest */ = {isa = PBXFileReference; explicitFileType = wrapper.cfbundle; includeInIndex = 0; path = SwiftNoStoryboardsUITests.xctest; sourceTree = BUILT_PRODUCTS_DIR; };
		6029EDEE1CD3D98500637B2C /* SwiftNoStoryboardsUITests.swift */ = {isa = PBXFileReference; lastKnownFileType = sourcecode.swift; path = SwiftNoStoryboardsUITests.swift; sourceTree = "<group>"; };
		6029EDF01CD3D98500637B2C /* Info.plist */ = {isa = PBXFileReference; lastKnownFileType = text.plist.xml; path = Info.plist; sourceTree = "<group>"; };
		6029EDFD1CD3DD5C00637B2C /* Base */ = {isa = PBXFileReference; lastKnownFileType = file.xib; name = Base; path = SwiftNoStoryboards/Base.lproj/ViewController.xib; sourceTree = "<group>"; };
		6045FD911F6D765500355D90 /* ParentViewController.swift */ = {isa = PBXFileReference; fileEncoding = 4; lastKnownFileType = sourcecode.swift; path = ParentViewController.swift; sourceTree = "<group>"; };
		6045FD931F6D766700355D90 /* ChildViewController.swift */ = {isa = PBXFileReference; fileEncoding = 4; lastKnownFileType = sourcecode.swift; path = ChildViewController.swift; sourceTree = "<group>"; };
		6084FBA01F877A6B00B32201 /* ResizableParentViewController.swift */ = {isa = PBXFileReference; fileEncoding = 4; lastKnownFileType = sourcecode.swift; path = ResizableParentViewController.swift; sourceTree = "<group>"; };
		6084FBA21F877A8B00B32201 /* ResizableChildViewController.swift */ = {isa = PBXFileReference; fileEncoding = 4; lastKnownFileType = sourcecode.swift; path = ResizableChildViewController.swift; sourceTree = "<group>"; };
		609CCEB41F99ECB500F6C9EE /* Logger.swift */ = {isa = PBXFileReference; fileEncoding = 4; lastKnownFileType = sourcecode.swift; path = Logger.swift; sourceTree = "<group>"; };
		609CCEB61F9A052200F6C9EE /* UpdatingCell.swift */ = {isa = PBXFileReference; fileEncoding = 4; lastKnownFileType = sourcecode.swift; path = UpdatingCell.swift; sourceTree = "<group>"; };
		609CCEB91F9A062900F6C9EE /* UIScreen+Percentage.swift */ = {isa = PBXFileReference; fileEncoding = 4; lastKnownFileType = sourcecode.swift; path = "UIScreen+Percentage.swift"; sourceTree = "<group>"; };
		609CCEBD1F9E2B4900F6C9EE /* UpdatingFirstChildViewModel.swift */ = {isa = PBXFileReference; fileEncoding = 4; lastKnownFileType = sourcecode.swift; path = UpdatingFirstChildViewModel.swift; sourceTree = "<group>"; };
		609CCEBF1F9E2B5400F6C9EE /* UpdatingSecondChildViewModel.swift */ = {isa = PBXFileReference; fileEncoding = 4; lastKnownFileType = sourcecode.swift; path = UpdatingSecondChildViewModel.swift; sourceTree = "<group>"; };
		609CCEC11F9E2B6000F6C9EE /* UpdatingCellViewModel.swift */ = {isa = PBXFileReference; fileEncoding = 4; lastKnownFileType = sourcecode.swift; path = UpdatingCellViewModel.swift; sourceTree = "<group>"; };
		609CCEC71F9E46DF00F6C9EE /* UpdatingParentCoordinator.swift */ = {isa = PBXFileReference; fileEncoding = 4; lastKnownFileType = sourcecode.swift; path = UpdatingParentCoordinator.swift; sourceTree = "<group>"; };
		60A5D9E91F828E72000D8AB9 /* AutoLayoutTestViewController.swift */ = {isa = PBXFileReference; fileEncoding = 4; lastKnownFileType = sourcecode.swift; path = AutoLayoutTestViewController.swift; sourceTree = "<group>"; };
		60A5D9EA1F828E72000D8AB9 /* AutoLayoutTestViewController.xib */ = {isa = PBXFileReference; fileEncoding = 4; lastKnownFileType = file.xib; path = AutoLayoutTestViewController.xib; sourceTree = "<group>"; };
		60A5D9ED1F8290E7000D8AB9 /* AutoLayoutTestCollectionViewCell.swift */ = {isa = PBXFileReference; fileEncoding = 4; lastKnownFileType = sourcecode.swift; path = AutoLayoutTestCollectionViewCell.swift; sourceTree = "<group>"; };
		60A5D9EE1F8290E7000D8AB9 /* AutoLayoutTestCollectionViewCell.xib */ = {isa = PBXFileReference; fileEncoding = 4; lastKnownFileType = file.xib; path = AutoLayoutTestCollectionViewCell.xib; sourceTree = "<group>"; };
		6D9AA6FEF7BFC59286B574DB /* Pods-SwiftNoStoryboards.debug.xcconfig */ = {isa = PBXFileReference; includeInIndex = 1; lastKnownFileType = text.xcconfig; name = "Pods-SwiftNoStoryboards.debug.xcconfig"; path = "Pods/Target Support Files/Pods-SwiftNoStoryboards/Pods-SwiftNoStoryboards.debug.xcconfig"; sourceTree = "<group>"; };
		81CFFF16F3A96EBEDD7CDE5F /* Pods-SwiftNoStoryboardsTests.debug.xcconfig */ = {isa = PBXFileReference; includeInIndex = 1; lastKnownFileType = text.xcconfig; name = "Pods-SwiftNoStoryboardsTests.debug.xcconfig"; path = "Pods/Target Support Files/Pods-SwiftNoStoryboardsTests/Pods-SwiftNoStoryboardsTests.debug.xcconfig"; sourceTree = "<group>"; };
		B25839D4A80FABED73858E46 /* Pods_SwiftNoStoryboardsUITests.framework */ = {isa = PBXFileReference; explicitFileType = wrapper.framework; includeInIndex = 0; path = Pods_SwiftNoStoryboardsUITests.framework; sourceTree = BUILT_PRODUCTS_DIR; };
		B553A9ADE56BF856418187BA /* Pods_SwiftNoStoryboards.framework */ = {isa = PBXFileReference; explicitFileType = wrapper.framework; includeInIndex = 0; path = Pods_SwiftNoStoryboards.framework; sourceTree = BUILT_PRODUCTS_DIR; };
		D3DAB3B9C683EE4BD1ECDF0C /* Pods-SwiftNoStoryboards.release.xcconfig */ = {isa = PBXFileReference; includeInIndex = 1; lastKnownFileType = text.xcconfig; name = "Pods-SwiftNoStoryboards.release.xcconfig"; path = "Pods/Target Support Files/Pods-SwiftNoStoryboards/Pods-SwiftNoStoryboards.release.xcconfig"; sourceTree = "<group>"; };
		FB8D3433F5C2979EBB962BAE /* Pods-SwiftNoStoryboardsUITests.release.xcconfig */ = {isa = PBXFileReference; includeInIndex = 1; lastKnownFileType = text.xcconfig; name = "Pods-SwiftNoStoryboardsUITests.release.xcconfig"; path = "Pods/Target Support Files/Pods-SwiftNoStoryboardsUITests/Pods-SwiftNoStoryboardsUITests.release.xcconfig"; sourceTree = "<group>"; };
/* End PBXFileReference section */

/* Begin PBXFrameworksBuildPhase section */
		6029EDC81CD3D98500637B2C /* Frameworks */ = {
			isa = PBXFrameworksBuildPhase;
			buildActionMask = 2147483647;
			files = (
				61C3E5FCE6734B465E694250 /* Pods_SwiftNoStoryboards.framework in Frameworks */,
			);
			runOnlyForDeploymentPostprocessing = 0;
		};
		6029EDDC1CD3D98500637B2C /* Frameworks */ = {
			isa = PBXFrameworksBuildPhase;
			buildActionMask = 2147483647;
			files = (
				1E7B19123698C0BA6DB58A00 /* Pods_SwiftNoStoryboardsTests.framework in Frameworks */,
			);
			runOnlyForDeploymentPostprocessing = 0;
		};
		6029EDE71CD3D98500637B2C /* Frameworks */ = {
			isa = PBXFrameworksBuildPhase;
			buildActionMask = 2147483647;
			files = (
				3C93115D9EA5192F3A085ECE /* Pods_SwiftNoStoryboardsUITests.framework in Frameworks */,
			);
			runOnlyForDeploymentPostprocessing = 0;
		};
/* End PBXFrameworksBuildPhase section */

/* Begin PBXGroup section */
		18CC490025C018E80F64A193 /* Pods */ = {
			isa = PBXGroup;
			children = (
				6D9AA6FEF7BFC59286B574DB /* Pods-SwiftNoStoryboards.debug.xcconfig */,
				D3DAB3B9C683EE4BD1ECDF0C /* Pods-SwiftNoStoryboards.release.xcconfig */,
				81CFFF16F3A96EBEDD7CDE5F /* Pods-SwiftNoStoryboardsTests.debug.xcconfig */,
				6001C15798324868C6C45BF9 /* Pods-SwiftNoStoryboardsTests.release.xcconfig */,
				39D430C193660E53F724625D /* Pods-SwiftNoStoryboardsUITests.debug.xcconfig */,
				FB8D3433F5C2979EBB962BAE /* Pods-SwiftNoStoryboardsUITests.release.xcconfig */,
			);
			name = Pods;
			sourceTree = "<group>";
		};
		6005220E1FCEDBC700969B00 /* Grid */ = {
			isa = PBXGroup;
			children = (
				6005220F1FCEDBE200969B00 /* GridView.swift */,
			);
			name = Grid;
			sourceTree = "<group>";
		};
		6011D9AB1F99041300931775 /* Updating Child CollectionViews */ = {
			isa = PBXGroup;
			children = (
				609CCEC51F9E2B8200F6C9EE /* Cell */,
				609CCEC61F9E2B8900F6C9EE /* ParentViewController */,
				609CCEC31F9E2B7100F6C9EE /* FirstViewController */,
				609CCEC41F9E2B7B00F6C9EE /* SecondViewController */,
			);
			name = "Updating Child CollectionViews";
			sourceTree = "<group>";
		};
		602157D91CD63FFB00D76E2C /* ViewController */ = {
			isa = PBXGroup;
			children = (
				6029EDD01CD3D98500637B2C /* ViewController.swift */,
				6029EDFC1CD3DD5C00637B2C /* ViewController.xib */,
			);
			name = ViewController;
			sourceTree = "<group>";
		};
		602157DA1CD63FFF00D76E2C /* TableViewController */ = {
			isa = PBXGroup;
			children = (
				602157D71CD63FF300D76E2C /* TableViewController.swift */,
				602157D51CD63FD800D76E2C /* TableViewController.xib */,
			);
			name = TableViewController;
			sourceTree = "<group>";
		};
		602157DB1CD6870000D76E2C /* DetailViewController */ = {
			isa = PBXGroup;
			children = (
				602157DC1CD6873200D76E2C /* DetailViewController.swift */,
				602157DD1CD6873200D76E2C /* DetailViewController.xib */,
			);
			name = DetailViewController;
			sourceTree = "<group>";
		};
		6029EDC21CD3D98500637B2C = {
			isa = PBXGroup;
			children = (
				6029EDCD1CD3D98500637B2C /* SwiftNoStoryboards */,
				6029EDE21CD3D98500637B2C /* SwiftNoStoryboardsTests */,
				6029EDED1CD3D98500637B2C /* SwiftNoStoryboardsUITests */,
				6029EDCC1CD3D98500637B2C /* Products */,
				18CC490025C018E80F64A193 /* Pods */,
				975C21AA6D5C7AA3F60EE8A0 /* Frameworks */,
			);
			sourceTree = "<group>";
		};
		6029EDCC1CD3D98500637B2C /* Products */ = {
			isa = PBXGroup;
			children = (
				6029EDCB1CD3D98500637B2C /* SwiftNoStoryboards.app */,
				6029EDDF1CD3D98500637B2C /* SwiftNoStoryboardsTests.xctest */,
				6029EDEA1CD3D98500637B2C /* SwiftNoStoryboardsUITests.xctest */,
			);
			name = Products;
			sourceTree = "<group>";
		};
		6029EDCD1CD3D98500637B2C /* SwiftNoStoryboards */ = {
			isa = PBXGroup;
			children = (
				6005220E1FCEDBC700969B00 /* Grid */,
				609CCEB21F99EC8B00F6C9EE /* Utilities */,
				6011D9AB1F99041300931775 /* Updating Child CollectionViews */,
				6084FB9F1F877A4200B32201 /* ResizableContainerView */,
				6045FD901F6D763E00355D90 /* VariableSizedContainerView */,
				602157DB1CD6870000D76E2C /* DetailViewController */,
				602157DA1CD63FFF00D76E2C /* TableViewController */,
				602157D91CD63FFB00D76E2C /* ViewController */,
				6029EDFF1CD3E18800637B2C /* Resources */,
				60A5D9E91F828E72000D8AB9 /* AutoLayoutTestViewController.swift */,
				60A5D9EA1F828E72000D8AB9 /* AutoLayoutTestViewController.xib */,
				60A5D9ED1F8290E7000D8AB9 /* AutoLayoutTestCollectionViewCell.swift */,
				60A5D9EE1F8290E7000D8AB9 /* AutoLayoutTestCollectionViewCell.xib */,
			);
			path = SwiftNoStoryboards;
			sourceTree = "<group>";
		};
		6029EDE21CD3D98500637B2C /* SwiftNoStoryboardsTests */ = {
			isa = PBXGroup;
			children = (
				6029EDE31CD3D98500637B2C /* SwiftNoStoryboardsTests.swift */,
				6029EDE51CD3D98500637B2C /* Info.plist */,
			);
			path = SwiftNoStoryboardsTests;
			sourceTree = "<group>";
		};
		6029EDED1CD3D98500637B2C /* SwiftNoStoryboardsUITests */ = {
			isa = PBXGroup;
			children = (
				6029EDEE1CD3D98500637B2C /* SwiftNoStoryboardsUITests.swift */,
				6029EDF01CD3D98500637B2C /* Info.plist */,
			);
			path = SwiftNoStoryboardsUITests;
			sourceTree = "<group>";
		};
		6029EDFF1CD3E18800637B2C /* Resources */ = {
			isa = PBXGroup;
			children = (
				6029EDDA1CD3D98500637B2C /* Info.plist */,
				6029EDD71CD3D98500637B2C /* LaunchScreen.storyboard */,
				6029EDD51CD3D98500637B2C /* Assets.xcassets */,
				6029EDCE1CD3D98500637B2C /* AppDelegate.swift */,
			);
			name = Resources;
			sourceTree = "<group>";
		};
		6045FD901F6D763E00355D90 /* VariableSizedContainerView */ = {
			isa = PBXGroup;
			children = (
				6045FD911F6D765500355D90 /* ParentViewController.swift */,
				6045FD931F6D766700355D90 /* ChildViewController.swift */,
			);
			name = VariableSizedContainerView;
			sourceTree = "<group>";
		};
		6084FB9F1F877A4200B32201 /* ResizableContainerView */ = {
			isa = PBXGroup;
			children = (
				6084FBA01F877A6B00B32201 /* ResizableParentViewController.swift */,
				6084FBA21F877A8B00B32201 /* ResizableChildViewController.swift */,
			);
			name = ResizableContainerView;
			sourceTree = "<group>";
		};
		609CCEB21F99EC8B00F6C9EE /* Utilities */ = {
			isa = PBXGroup;
			children = (
				609CCEB81F9A060100F6C9EE /* Extensions */,
				609CCEB31F99EC9A00F6C9EE /* Logger */,
			);
			name = Utilities;
			sourceTree = "<group>";
		};
		609CCEB31F99EC9A00F6C9EE /* Logger */ = {
			isa = PBXGroup;
			children = (
				609CCEB41F99ECB500F6C9EE /* Logger.swift */,
			);
			name = Logger;
			sourceTree = "<group>";
		};
		609CCEB81F9A060100F6C9EE /* Extensions */ = {
			isa = PBXGroup;
			children = (
				609CCEB91F9A062900F6C9EE /* UIScreen+Percentage.swift */,
				600522111FCEDC8700969B00 /* Grid.swift */,
			);
			name = Extensions;
			sourceTree = "<group>";
		};
		609CCEC31F9E2B7100F6C9EE /* FirstViewController */ = {
			isa = PBXGroup;
			children = (
				6011D9AE1F99045F00931775 /* UpdatingFirstChildViewController.swift */,
				609CCEBD1F9E2B4900F6C9EE /* UpdatingFirstChildViewModel.swift */,
			);
			name = FirstViewController;
			sourceTree = "<group>";
		};
		609CCEC41F9E2B7B00F6C9EE /* SecondViewController */ = {
			isa = PBXGroup;
			children = (
				6011D9B01F99046400931775 /* UpdatingSecondChildViewController.swift */,
				609CCEBF1F9E2B5400F6C9EE /* UpdatingSecondChildViewModel.swift */,
			);
			name = SecondViewController;
			sourceTree = "<group>";
		};
		609CCEC51F9E2B8200F6C9EE /* Cell */ = {
			isa = PBXGroup;
			children = (
				609CCEB61F9A052200F6C9EE /* UpdatingCell.swift */,
				609CCEC11F9E2B6000F6C9EE /* UpdatingCellViewModel.swift */,
			);
			name = Cell;
			sourceTree = "<group>";
		};
		609CCEC61F9E2B8900F6C9EE /* ParentViewController */ = {
			isa = PBXGroup;
			children = (
				609CCEC71F9E46DF00F6C9EE /* UpdatingParentCoordinator.swift */,
				6011D9AC1F99044200931775 /* UpdatingParentViewController.swift */,
			);
			name = ParentViewController;
			sourceTree = "<group>";
		};
		975C21AA6D5C7AA3F60EE8A0 /* Frameworks */ = {
			isa = PBXGroup;
			children = (
				B553A9ADE56BF856418187BA /* Pods_SwiftNoStoryboards.framework */,
				358B932F01B617EC79CEE0C8 /* Pods_SwiftNoStoryboardsTests.framework */,
				B25839D4A80FABED73858E46 /* Pods_SwiftNoStoryboardsUITests.framework */,
			);
			name = Frameworks;
			sourceTree = "<group>";
		};
/* End PBXGroup section */

/* Begin PBXNativeTarget section */
		6029EDCA1CD3D98500637B2C /* SwiftNoStoryboards */ = {
			isa = PBXNativeTarget;
			buildConfigurationList = 6029EDF31CD3D98500637B2C /* Build configuration list for PBXNativeTarget "SwiftNoStoryboards" */;
			buildPhases = (
				4824AEF6332ABE3D3A74A19B /* [CP] Check Pods Manifest.lock */,
				6029EDC71CD3D98500637B2C /* Sources */,
				6029EDC81CD3D98500637B2C /* Frameworks */,
				6029EDC91CD3D98500637B2C /* Resources */,
				3884C6DF31C8076B08071EE4 /* [CP] Embed Pods Frameworks */,
				A9A863DC6B2D3F435F87BE9A /* [CP] Copy Pods Resources */,
			);
			buildRules = (
			);
			dependencies = (
			);
			name = SwiftNoStoryboards;
			productName = SwiftNoStoryboards;
			productReference = 6029EDCB1CD3D98500637B2C /* SwiftNoStoryboards.app */;
			productType = "com.apple.product-type.application";
		};
		6029EDDE1CD3D98500637B2C /* SwiftNoStoryboardsTests */ = {
			isa = PBXNativeTarget;
			buildConfigurationList = 6029EDF61CD3D98500637B2C /* Build configuration list for PBXNativeTarget "SwiftNoStoryboardsTests" */;
			buildPhases = (
				DC962087CBF6B7799BE6F68E /* [CP] Check Pods Manifest.lock */,
				6029EDDB1CD3D98500637B2C /* Sources */,
				6029EDDC1CD3D98500637B2C /* Frameworks */,
				6029EDDD1CD3D98500637B2C /* Resources */,
				210F125D4F2A550BD4B01CC6 /* [CP] Embed Pods Frameworks */,
				59689FB1BC40C60DC9BC64FA /* [CP] Copy Pods Resources */,
			);
			buildRules = (
			);
			dependencies = (
				6029EDE11CD3D98500637B2C /* PBXTargetDependency */,
			);
			name = SwiftNoStoryboardsTests;
			productName = SwiftNoStoryboardsTests;
			productReference = 6029EDDF1CD3D98500637B2C /* SwiftNoStoryboardsTests.xctest */;
			productType = "com.apple.product-type.bundle.unit-test";
		};
		6029EDE91CD3D98500637B2C /* SwiftNoStoryboardsUITests */ = {
			isa = PBXNativeTarget;
			buildConfigurationList = 6029EDF91CD3D98500637B2C /* Build configuration list for PBXNativeTarget "SwiftNoStoryboardsUITests" */;
			buildPhases = (
				734C4D6B3991CA599A51C3FC /* [CP] Check Pods Manifest.lock */,
				6029EDE61CD3D98500637B2C /* Sources */,
				6029EDE71CD3D98500637B2C /* Frameworks */,
				6029EDE81CD3D98500637B2C /* Resources */,
				24F83E984C6339897140ABB0 /* [CP] Embed Pods Frameworks */,
				E3BDC47F9B4980D6DE23A59F /* [CP] Copy Pods Resources */,
			);
			buildRules = (
			);
			dependencies = (
				6029EDEC1CD3D98500637B2C /* PBXTargetDependency */,
			);
			name = SwiftNoStoryboardsUITests;
			productName = SwiftNoStoryboardsUITests;
			productReference = 6029EDEA1CD3D98500637B2C /* SwiftNoStoryboardsUITests.xctest */;
			productType = "com.apple.product-type.bundle.ui-testing";
		};
/* End PBXNativeTarget section */

/* Begin PBXProject section */
		6029EDC31CD3D98500637B2C /* Project object */ = {
			isa = PBXProject;
			attributes = {
				LastSwiftUpdateCheck = 0730;
				LastUpgradeCheck = 0730;
				ORGANIZATIONNAME = "Alan O'Connor";
				TargetAttributes = {
					6029EDCA1CD3D98500637B2C = {
						CreatedOnToolsVersion = 7.3;
						ProvisioningStyle = Manual;
					};
					6029EDDE1CD3D98500637B2C = {
						CreatedOnToolsVersion = 7.3;
						TestTargetID = 6029EDCA1CD3D98500637B2C;
					};
					6029EDE91CD3D98500637B2C = {
						CreatedOnToolsVersion = 7.3;
						TestTargetID = 6029EDCA1CD3D98500637B2C;
					};
				};
			};
			buildConfigurationList = 6029EDC61CD3D98500637B2C /* Build configuration list for PBXProject "SwiftNoStoryboards" */;
			compatibilityVersion = "Xcode 3.2";
			developmentRegion = English;
			hasScannedForEncodings = 0;
			knownRegions = (
				en,
				Base,
			);
			mainGroup = 6029EDC21CD3D98500637B2C;
			productRefGroup = 6029EDCC1CD3D98500637B2C /* Products */;
			projectDirPath = "";
			projectRoot = "";
			targets = (
				6029EDCA1CD3D98500637B2C /* SwiftNoStoryboards */,
				6029EDDE1CD3D98500637B2C /* SwiftNoStoryboardsTests */,
				6029EDE91CD3D98500637B2C /* SwiftNoStoryboardsUITests */,
			);
		};
/* End PBXProject section */

/* Begin PBXResourcesBuildPhase section */
		6029EDC91CD3D98500637B2C /* Resources */ = {
			isa = PBXResourcesBuildPhase;
			buildActionMask = 2147483647;
			files = (
				6029EDD91CD3D98500637B2C /* LaunchScreen.storyboard in Resources */,
				6029EDFE1CD3DD5C00637B2C /* ViewController.xib in Resources */,
				602157DF1CD6873200D76E2C /* DetailViewController.xib in Resources */,
				6029EDD61CD3D98500637B2C /* Assets.xcassets in Resources */,
				60A5D9EC1F828E72000D8AB9 /* AutoLayoutTestViewController.xib in Resources */,
				60A5D9F01F8290E7000D8AB9 /* AutoLayoutTestCollectionViewCell.xib in Resources */,
				602157D61CD63FD800D76E2C /* TableViewController.xib in Resources */,
			);
			runOnlyForDeploymentPostprocessing = 0;
		};
		6029EDDD1CD3D98500637B2C /* Resources */ = {
			isa = PBXResourcesBuildPhase;
			buildActionMask = 2147483647;
			files = (
			);
			runOnlyForDeploymentPostprocessing = 0;
		};
		6029EDE81CD3D98500637B2C /* Resources */ = {
			isa = PBXResourcesBuildPhase;
			buildActionMask = 2147483647;
			files = (
			);
			runOnlyForDeploymentPostprocessing = 0;
		};
/* End PBXResourcesBuildPhase section */

/* Begin PBXShellScriptBuildPhase section */
		210F125D4F2A550BD4B01CC6 /* [CP] Embed Pods Frameworks */ = {
			isa = PBXShellScriptBuildPhase;
			buildActionMask = 2147483647;
			files = (
			);
			inputPaths = (
			);
			name = "[CP] Embed Pods Frameworks";
			outputPaths = (
			);
			runOnlyForDeploymentPostprocessing = 0;
			shellPath = /bin/sh;
			shellScript = "\"${SRCROOT}/Pods/Target Support Files/Pods-SwiftNoStoryboardsTests/Pods-SwiftNoStoryboardsTests-frameworks.sh\"\n";
			showEnvVarsInLog = 0;
		};
		24F83E984C6339897140ABB0 /* [CP] Embed Pods Frameworks */ = {
			isa = PBXShellScriptBuildPhase;
			buildActionMask = 2147483647;
			files = (
			);
			inputPaths = (
			);
			name = "[CP] Embed Pods Frameworks";
			outputPaths = (
			);
			runOnlyForDeploymentPostprocessing = 0;
			shellPath = /bin/sh;
			shellScript = "\"${SRCROOT}/Pods/Target Support Files/Pods-SwiftNoStoryboardsUITests/Pods-SwiftNoStoryboardsUITests-frameworks.sh\"\n";
			showEnvVarsInLog = 0;
		};
		3884C6DF31C8076B08071EE4 /* [CP] Embed Pods Frameworks */ = {
			isa = PBXShellScriptBuildPhase;
			buildActionMask = 2147483647;
			files = (
			);
			inputPaths = (
			);
			name = "[CP] Embed Pods Frameworks";
			outputPaths = (
			);
			runOnlyForDeploymentPostprocessing = 0;
			shellPath = /bin/sh;
			shellScript = "\"${SRCROOT}/Pods/Target Support Files/Pods-SwiftNoStoryboards/Pods-SwiftNoStoryboards-frameworks.sh\"\n";
			showEnvVarsInLog = 0;
		};
		4824AEF6332ABE3D3A74A19B /* [CP] Check Pods Manifest.lock */ = {
			isa = PBXShellScriptBuildPhase;
			buildActionMask = 2147483647;
			files = (
			);
			inputPaths = (
			);
			name = "[CP] Check Pods Manifest.lock";
			outputPaths = (
			);
			runOnlyForDeploymentPostprocessing = 0;
			shellPath = /bin/sh;
			shellScript = "diff \"${PODS_ROOT}/../Podfile.lock\" \"${PODS_ROOT}/Manifest.lock\" > /dev/null\nif [ $? != 0 ] ; then\n    # print error to STDERR\n    echo \"error: The sandbox is not in sync with the Podfile.lock. Run 'pod install' or update your CocoaPods installation.\" >&2\n    exit 1\nfi\n";
			showEnvVarsInLog = 0;
		};
		59689FB1BC40C60DC9BC64FA /* [CP] Copy Pods Resources */ = {
			isa = PBXShellScriptBuildPhase;
			buildActionMask = 2147483647;
			files = (
			);
			inputPaths = (
			);
			name = "[CP] Copy Pods Resources";
			outputPaths = (
			);
			runOnlyForDeploymentPostprocessing = 0;
			shellPath = /bin/sh;
			shellScript = "\"${SRCROOT}/Pods/Target Support Files/Pods-SwiftNoStoryboardsTests/Pods-SwiftNoStoryboardsTests-resources.sh\"\n";
			showEnvVarsInLog = 0;
		};
		734C4D6B3991CA599A51C3FC /* [CP] Check Pods Manifest.lock */ = {
			isa = PBXShellScriptBuildPhase;
			buildActionMask = 2147483647;
			files = (
			);
			inputPaths = (
			);
			name = "[CP] Check Pods Manifest.lock";
			outputPaths = (
			);
			runOnlyForDeploymentPostprocessing = 0;
			shellPath = /bin/sh;
			shellScript = "diff \"${PODS_ROOT}/../Podfile.lock\" \"${PODS_ROOT}/Manifest.lock\" > /dev/null\nif [ $? != 0 ] ; then\n    # print error to STDERR\n    echo \"error: The sandbox is not in sync with the Podfile.lock. Run 'pod install' or update your CocoaPods installation.\" >&2\n    exit 1\nfi\n";
			showEnvVarsInLog = 0;
		};
		A9A863DC6B2D3F435F87BE9A /* [CP] Copy Pods Resources */ = {
			isa = PBXShellScriptBuildPhase;
			buildActionMask = 2147483647;
			files = (
			);
			inputPaths = (
			);
			name = "[CP] Copy Pods Resources";
			outputPaths = (
			);
			runOnlyForDeploymentPostprocessing = 0;
			shellPath = /bin/sh;
			shellScript = "\"${SRCROOT}/Pods/Target Support Files/Pods-SwiftNoStoryboards/Pods-SwiftNoStoryboards-resources.sh\"\n";
			showEnvVarsInLog = 0;
		};
		DC962087CBF6B7799BE6F68E /* [CP] Check Pods Manifest.lock */ = {
			isa = PBXShellScriptBuildPhase;
			buildActionMask = 2147483647;
			files = (
			);
			inputPaths = (
			);
			name = "[CP] Check Pods Manifest.lock";
			outputPaths = (
			);
			runOnlyForDeploymentPostprocessing = 0;
			shellPath = /bin/sh;
			shellScript = "diff \"${PODS_ROOT}/../Podfile.lock\" \"${PODS_ROOT}/Manifest.lock\" > /dev/null\nif [ $? != 0 ] ; then\n    # print error to STDERR\n    echo \"error: The sandbox is not in sync with the Podfile.lock. Run 'pod install' or update your CocoaPods installation.\" >&2\n    exit 1\nfi\n";
			showEnvVarsInLog = 0;
		};
		E3BDC47F9B4980D6DE23A59F /* [CP] Copy Pods Resources */ = {
			isa = PBXShellScriptBuildPhase;
			buildActionMask = 2147483647;
			files = (
			);
			inputPaths = (
			);
			name = "[CP] Copy Pods Resources";
			outputPaths = (
			);
			runOnlyForDeploymentPostprocessing = 0;
			shellPath = /bin/sh;
			shellScript = "\"${SRCROOT}/Pods/Target Support Files/Pods-SwiftNoStoryboardsUITests/Pods-SwiftNoStoryboardsUITests-resources.sh\"\n";
			showEnvVarsInLog = 0;
		};
/* End PBXShellScriptBuildPhase section */

/* Begin PBXSourcesBuildPhase section */
		6029EDC71CD3D98500637B2C /* Sources */ = {
			isa = PBXSourcesBuildPhase;
			buildActionMask = 2147483647;
			files = (
				609CCEC81F9E46DF00F6C9EE /* UpdatingParentCoordinator.swift in Sources */,
				609CCEB71F9A052200F6C9EE /* UpdatingCell.swift in Sources */,
				6011D9AF1F99045F00931775 /* UpdatingFirstChildViewController.swift in Sources */,
				6029EDD11CD3D98500637B2C /* ViewController.swift in Sources */,
				6084FBA11F877A6B00B32201 /* ResizableParentViewController.swift in Sources */,
				6045FD921F6D765500355D90 /* ParentViewController.swift in Sources */,
				602157D81CD63FF300D76E2C /* TableViewController.swift in Sources */,
				609CCEBE1F9E2B4A00F6C9EE /* UpdatingFirstChildViewModel.swift in Sources */,
				6029EDCF1CD3D98500637B2C /* AppDelegate.swift in Sources */,
				6084FBA31F877A8B00B32201 /* ResizableChildViewController.swift in Sources */,
				600522101FCEDBE200969B00 /* GridView.swift in Sources */,
				60A5D9EB1F828E72000D8AB9 /* AutoLayoutTestViewController.swift in Sources */,
				602157DE1CD6873200D76E2C /* DetailViewController.swift in Sources */,
				609CCEC01F9E2B5400F6C9EE /* UpdatingSecondChildViewModel.swift in Sources */,
				6045FD941F6D766700355D90 /* ChildViewController.swift in Sources */,
				600522121FCEDC8700969B00 /* Grid.swift in Sources */,
				609CCEBA1F9A062900F6C9EE /* UIScreen+Percentage.swift in Sources */,
				6011D9B11F99046400931775 /* UpdatingSecondChildViewController.swift in Sources */,
				609CCEC21F9E2B6000F6C9EE /* UpdatingCellViewModel.swift in Sources */,
				609CCEB51F99ECB500F6C9EE /* Logger.swift in Sources */,
				60A5D9EF1F8290E7000D8AB9 /* AutoLayoutTestCollectionViewCell.swift in Sources */,
				6011D9AD1F99044200931775 /* UpdatingParentViewController.swift in Sources */,
			);
			runOnlyForDeploymentPostprocessing = 0;
		};
		6029EDDB1CD3D98500637B2C /* Sources */ = {
			isa = PBXSourcesBuildPhase;
			buildActionMask = 2147483647;
			files = (
				6029EDE41CD3D98500637B2C /* SwiftNoStoryboardsTests.swift in Sources */,
			);
			runOnlyForDeploymentPostprocessing = 0;
		};
		6029EDE61CD3D98500637B2C /* Sources */ = {
			isa = PBXSourcesBuildPhase;
			buildActionMask = 2147483647;
			files = (
				6029EDEF1CD3D98500637B2C /* SwiftNoStoryboardsUITests.swift in Sources */,
			);
			runOnlyForDeploymentPostprocessing = 0;
		};
/* End PBXSourcesBuildPhase section */

/* Begin PBXTargetDependency section */
		6029EDE11CD3D98500637B2C /* PBXTargetDependency */ = {
			isa = PBXTargetDependency;
			target = 6029EDCA1CD3D98500637B2C /* SwiftNoStoryboards */;
			targetProxy = 6029EDE01CD3D98500637B2C /* PBXContainerItemProxy */;
		};
		6029EDEC1CD3D98500637B2C /* PBXTargetDependency */ = {
			isa = PBXTargetDependency;
			target = 6029EDCA1CD3D98500637B2C /* SwiftNoStoryboards */;
			targetProxy = 6029EDEB1CD3D98500637B2C /* PBXContainerItemProxy */;
		};
/* End PBXTargetDependency section */

/* Begin PBXVariantGroup section */
		6029EDD71CD3D98500637B2C /* LaunchScreen.storyboard */ = {
			isa = PBXVariantGroup;
			children = (
				6029EDD81CD3D98500637B2C /* Base */,
			);
			name = LaunchScreen.storyboard;
			sourceTree = "<group>";
		};
		6029EDFC1CD3DD5C00637B2C /* ViewController.xib */ = {
			isa = PBXVariantGroup;
			children = (
				6029EDFD1CD3DD5C00637B2C /* Base */,
			);
			name = ViewController.xib;
			path = ..;
			sourceTree = "<group>";
		};
/* End PBXVariantGroup section */

/* Begin XCBuildConfiguration section */
		6029EDF11CD3D98500637B2C /* Debug */ = {
			isa = XCBuildConfiguration;
			buildSettings = {
				ALWAYS_SEARCH_USER_PATHS = NO;
				CLANG_ANALYZER_NONNULL = YES;
				CLANG_CXX_LANGUAGE_STANDARD = "gnu++0x";
				CLANG_CXX_LIBRARY = "libc++";
				CLANG_ENABLE_MODULES = YES;
				CLANG_ENABLE_OBJC_ARC = YES;
				CLANG_WARN_BOOL_CONVERSION = YES;
				CLANG_WARN_CONSTANT_CONVERSION = YES;
				CLANG_WARN_DIRECT_OBJC_ISA_USAGE = YES_ERROR;
				CLANG_WARN_EMPTY_BODY = YES;
				CLANG_WARN_ENUM_CONVERSION = YES;
				CLANG_WARN_INT_CONVERSION = YES;
				CLANG_WARN_OBJC_ROOT_CLASS = YES_ERROR;
				CLANG_WARN_UNREACHABLE_CODE = YES;
				CLANG_WARN__DUPLICATE_METHOD_MATCH = YES;
				"CODE_SIGN_IDENTITY[sdk=iphoneos*]" = "iPhone Developer";
				COPY_PHASE_STRIP = NO;
				DEBUG_INFORMATION_FORMAT = dwarf;
				ENABLE_STRICT_OBJC_MSGSEND = YES;
				ENABLE_TESTABILITY = YES;
				GCC_C_LANGUAGE_STANDARD = gnu99;
				GCC_DYNAMIC_NO_PIC = NO;
				GCC_NO_COMMON_BLOCKS = YES;
				GCC_OPTIMIZATION_LEVEL = 0;
				GCC_PREPROCESSOR_DEFINITIONS = (
					"DEBUG=1",
					"$(inherited)",
				);
				GCC_WARN_64_TO_32_BIT_CONVERSION = YES;
				GCC_WARN_ABOUT_RETURN_TYPE = YES_ERROR;
				GCC_WARN_UNDECLARED_SELECTOR = YES;
				GCC_WARN_UNINITIALIZED_AUTOS = YES_AGGRESSIVE;
				GCC_WARN_UNUSED_FUNCTION = YES;
				GCC_WARN_UNUSED_VARIABLE = YES;
				IPHONEOS_DEPLOYMENT_TARGET = 10.0;
				MTL_ENABLE_DEBUG_INFO = YES;
				ONLY_ACTIVE_ARCH = YES;
				SDKROOT = iphoneos;
				SWIFT_OPTIMIZATION_LEVEL = "-Onone";
				SWIFT_VERSION = 2.3;
				TARGETED_DEVICE_FAMILY = "1,2";
			};
			name = Debug;
		};
		6029EDF21CD3D98500637B2C /* Release */ = {
			isa = XCBuildConfiguration;
			buildSettings = {
				ALWAYS_SEARCH_USER_PATHS = NO;
				CLANG_ANALYZER_NONNULL = YES;
				CLANG_CXX_LANGUAGE_STANDARD = "gnu++0x";
				CLANG_CXX_LIBRARY = "libc++";
				CLANG_ENABLE_MODULES = YES;
				CLANG_ENABLE_OBJC_ARC = YES;
				CLANG_WARN_BOOL_CONVERSION = YES;
				CLANG_WARN_CONSTANT_CONVERSION = YES;
				CLANG_WARN_DIRECT_OBJC_ISA_USAGE = YES_ERROR;
				CLANG_WARN_EMPTY_BODY = YES;
				CLANG_WARN_ENUM_CONVERSION = YES;
				CLANG_WARN_INT_CONVERSION = YES;
				CLANG_WARN_OBJC_ROOT_CLASS = YES_ERROR;
				CLANG_WARN_UNREACHABLE_CODE = YES;
				CLANG_WARN__DUPLICATE_METHOD_MATCH = YES;
				"CODE_SIGN_IDENTITY[sdk=iphoneos*]" = "iPhone Developer";
				COPY_PHASE_STRIP = NO;
				DEBUG_INFORMATION_FORMAT = "dwarf-with-dsym";
				ENABLE_NS_ASSERTIONS = NO;
				ENABLE_STRICT_OBJC_MSGSEND = YES;
				GCC_C_LANGUAGE_STANDARD = gnu99;
				GCC_NO_COMMON_BLOCKS = YES;
				GCC_WARN_64_TO_32_BIT_CONVERSION = YES;
				GCC_WARN_ABOUT_RETURN_TYPE = YES_ERROR;
				GCC_WARN_UNDECLARED_SELECTOR = YES;
				GCC_WARN_UNINITIALIZED_AUTOS = YES_AGGRESSIVE;
				GCC_WARN_UNUSED_FUNCTION = YES;
				GCC_WARN_UNUSED_VARIABLE = YES;
				IPHONEOS_DEPLOYMENT_TARGET = 10.0;
				MTL_ENABLE_DEBUG_INFO = NO;
				SDKROOT = iphoneos;
				SWIFT_VERSION = 2.3;
				TARGETED_DEVICE_FAMILY = "1,2";
				VALIDATE_PRODUCT = YES;
			};
			name = Release;
		};
		6029EDF41CD3D98500637B2C /* Debug */ = {
			isa = XCBuildConfiguration;
			baseConfigurationReference = 6D9AA6FEF7BFC59286B574DB /* Pods-SwiftNoStoryboards.debug.xcconfig */;
			buildSettings = {
				ASSETCATALOG_COMPILER_APPICON_NAME = AppIcon;
				DEVELOPMENT_TEAM = "";
				INFOPLIST_FILE = SwiftNoStoryboards/Info.plist;
				IPHONEOS_DEPLOYMENT_TARGET = 9.0;
				LD_RUNPATH_SEARCH_PATHS = "$(inherited) @executable_path/Frameworks";
				PRODUCT_BUNDLE_IDENTIFIER = codebiscuits.SwiftNoStoryboards;
				PRODUCT_NAME = "$(TARGET_NAME)";
				SWIFT_VERSION = 4.0;
			};
			name = Debug;
		};
		6029EDF51CD3D98500637B2C /* Release */ = {
			isa = XCBuildConfiguration;
			baseConfigurationReference = D3DAB3B9C683EE4BD1ECDF0C /* Pods-SwiftNoStoryboards.release.xcconfig */;
			buildSettings = {
				ASSETCATALOG_COMPILER_APPICON_NAME = AppIcon;
				DEVELOPMENT_TEAM = "";
				INFOPLIST_FILE = SwiftNoStoryboards/Info.plist;
				IPHONEOS_DEPLOYMENT_TARGET = 9.0;
				LD_RUNPATH_SEARCH_PATHS = "$(inherited) @executable_path/Frameworks";
				PRODUCT_BUNDLE_IDENTIFIER = codebiscuits.SwiftNoStoryboards;
				PRODUCT_NAME = "$(TARGET_NAME)";
				SWIFT_VERSION = 4.0;
			};
			name = Release;
		};
		6029EDF71CD3D98500637B2C /* Debug */ = {
			isa = XCBuildConfiguration;
			baseConfigurationReference = 81CFFF16F3A96EBEDD7CDE5F /* Pods-SwiftNoStoryboardsTests.debug.xcconfig */;
			buildSettings = {
				BUNDLE_LOADER = "$(TEST_HOST)";
				INFOPLIST_FILE = SwiftNoStoryboardsTests/Info.plist;
				LD_RUNPATH_SEARCH_PATHS = "$(inherited) @executable_path/Frameworks @loader_path/Frameworks";
				PRODUCT_BUNDLE_IDENTIFIER = codebiscuits.SwiftNoStoryboardsTests;
				PRODUCT_NAME = "$(TARGET_NAME)";
				SWIFT_VERSION = 4.0;
				TEST_HOST = "$(BUILT_PRODUCTS_DIR)/SwiftNoStoryboards.app/SwiftNoStoryboards";
			};
			name = Debug;
		};
		6029EDF81CD3D98500637B2C /* Release */ = {
			isa = XCBuildConfiguration;
			baseConfigurationReference = 6001C15798324868C6C45BF9 /* Pods-SwiftNoStoryboardsTests.release.xcconfig */;
			buildSettings = {
				BUNDLE_LOADER = "$(TEST_HOST)";
				INFOPLIST_FILE = SwiftNoStoryboardsTests/Info.plist;
				LD_RUNPATH_SEARCH_PATHS = "$(inherited) @executable_path/Frameworks @loader_path/Frameworks";
				PRODUCT_BUNDLE_IDENTIFIER = codebiscuits.SwiftNoStoryboardsTests;
				PRODUCT_NAME = "$(TARGET_NAME)";
				SWIFT_VERSION = 4.0;
				TEST_HOST = "$(BUILT_PRODUCTS_DIR)/SwiftNoStoryboards.app/SwiftNoStoryboards";
			};
			name = Release;
		};
		6029EDFA1CD3D98500637B2C /* Debug */ = {
			isa = XCBuildConfiguration;
			baseConfigurationReference = 39D430C193660E53F724625D /* Pods-SwiftNoStoryboardsUITests.debug.xcconfig */;
			buildSettings = {
				INFOPLIST_FILE = SwiftNoStoryboardsUITests/Info.plist;
				LD_RUNPATH_SEARCH_PATHS = "$(inherited) @executable_path/Frameworks @loader_path/Frameworks";
				PRODUCT_BUNDLE_IDENTIFIER = codebiscuits.SwiftNoStoryboardsUITests;
				PRODUCT_NAME = "$(TARGET_NAME)";
				SWIFT_VERSION = 4.0;
				TEST_TARGET_NAME = SwiftNoStoryboards;
			};
			name = Debug;
		};
		6029EDFB1CD3D98500637B2C /* Release */ = {
			isa = XCBuildConfiguration;
			baseConfigurationReference = FB8D3433F5C2979EBB962BAE /* Pods-SwiftNoStoryboardsUITests.release.xcconfig */;
			buildSettings = {
				INFOPLIST_FILE = SwiftNoStoryboardsUITests/Info.plist;
				LD_RUNPATH_SEARCH_PATHS = "$(inherited) @executable_path/Frameworks @loader_path/Frameworks";
				PRODUCT_BUNDLE_IDENTIFIER = codebiscuits.SwiftNoStoryboardsUITests;
				PRODUCT_NAME = "$(TARGET_NAME)";
				SWIFT_VERSION = 4.0;
				TEST_TARGET_NAME = SwiftNoStoryboards;
			};
			name = Release;
		};
/* End XCBuildConfiguration section */

/* Begin XCConfigurationList section */
		6029EDC61CD3D98500637B2C /* Build configuration list for PBXProject "SwiftNoStoryboards" */ = {
			isa = XCConfigurationList;
			buildConfigurations = (
				6029EDF11CD3D98500637B2C /* Debug */,
				6029EDF21CD3D98500637B2C /* Release */,
			);
			defaultConfigurationIsVisible = 0;
			defaultConfigurationName = Release;
		};
		6029EDF31CD3D98500637B2C /* Build configuration list for PBXNativeTarget "SwiftNoStoryboards" */ = {
			isa = XCConfigurationList;
			buildConfigurations = (
				6029EDF41CD3D98500637B2C /* Debug */,
				6029EDF51CD3D98500637B2C /* Release */,
			);
			defaultConfigurationIsVisible = 0;
			defaultConfigurationName = Release;
		};
		6029EDF61CD3D98500637B2C /* Build configuration list for PBXNativeTarget "SwiftNoStoryboardsTests" */ = {
			isa = XCConfigurationList;
			buildConfigurations = (
				6029EDF71CD3D98500637B2C /* Debug */,
				6029EDF81CD3D98500637B2C /* Release */,
			);
			defaultConfigurationIsVisible = 0;
			defaultConfigurationName = Release;
		};
		6029EDF91CD3D98500637B2C /* Build configuration list for PBXNativeTarget "SwiftNoStoryboardsUITests" */ = {
			isa = XCConfigurationList;
			buildConfigurations = (
				6029EDFA1CD3D98500637B2C /* Debug */,
				6029EDFB1CD3D98500637B2C /* Release */,
			);
			defaultConfigurationIsVisible = 0;
			defaultConfigurationName = Release;
		};
/* End XCConfigurationList section */
	};
	rootObject = 6029EDC31CD3D98500637B2C /* Project object */;
}
